
Microsoft Visual Studio Solution File, Format Version 12.00
# Visual Studio Version 16
VisualStudioVersion = 25.0.1704.0
MinimumVisualStudioVersion = 10.0.40219.1
Project("{FAE04EC0-301F-11D3-BF4B-00C04F79EFBC}") = "MicroTest1", "MicroTest1.csproj", "{6025ED32-A6C3-41E8-9DE4-064365E53845}"
EndProject
Global
	GlobalSection(SolutionConfigurationPlatforms) = preSolution
		Debug|Any CPU = Debug|Any CPU
		Release|Any CPU = Release|Any CPU
	EndGlobalSection
	GlobalSection(ProjectConfigurationPlatforms) = postSolution
		{6025ED32-A6C3-41E8-9DE4-064365E53845}.Debug|Any CPU.ActiveCfg = Debug|Any CPU
		{6025ED32-A6C3-41E8-9DE4-064365E53845}.Debug|Any CPU.Build.0 = Debug|Any CPU
		{6025ED32-A6C3-41E8-9DE4-064365E53845}.Release|Any CPU.ActiveCfg = Release|Any CPU
		{6025ED32-A6C3-41E8-9DE4-064365E53845}.Release|Any CPU.Build.0 = Release|Any CPU
	EndGlobalSection
	GlobalSection(SolutionProperties) = preSolution
		HideSolutionNode = FALSE
	EndGlobalSection
	GlobalSection(ExtensibilityGlobals) = postSolution
		SolutionGuid = {9EC37ABA-5373-4A01-9993-198719779D65}
	EndGlobalSection
EndGlobal
